{
  "version": "5",
  "specifiers": {
    "jsr:@austinshelby/pinyin-to-bopomofo@^1.0.1": "1.0.1",
    "jsr:@std/assert@^1.0.17": "1.0.17",
    "jsr:@std/cli@^1.0.26": "1.0.26",
    "jsr:@std/fs@^1.0.22": "1.0.22",
    "jsr:@std/internal@^1.0.12": "1.0.12",
    "jsr:@std/path@^1.1.4": "1.1.4",
    "jsr:@std/yaml@^1.0.11": "1.0.11",
    "npm:@resvg/resvg-wasm@^2.6.2": "2.6.2",
    "npm:es-hangul@^2.3.8": "2.3.8",
    "npm:hanja@^1.1.5": "1.1.5",
    "npm:kakasi@1": "1.0.0",
    "npm:kuroshiro-analyzer-kuromoji@^1.1.0": "1.1.0",
    "npm:kuroshiro@^1.2.0": "1.2.0",
    "npm:markdown-it-abbr@2": "2.0.0",
    "npm:markdown-it-anchor@^9.2.0": "9.2.0_@types+markdown-it@14.1.2_markdown-it@14.1.0",
    "npm:markdown-it-deflist@3": "3.0.0",
    "npm:markdown-it-footnote@4": "4.0.0",
    "npm:markdown-it-toc-done-right@^4.2.0": "4.2.0",
    "npm:markdown-it@^14.1.0": "14.1.0",
    "npm:opencc-js@^1.0.5": "1.0.5",
    "npm:pinyin@4": "4.0.0",
    "npm:satori@~0.19.1": "0.19.1",
    "npm:to-jyutping@^3.1.1": "3.1.1"
  },
  "jsr": {
    "@austinshelby/pinyin-to-bopomofo@1.0.1": {
      "integrity": "1fc34c439c2c1ba08b928c8108a0f0b71e3f83708f9e8e95e3b7df32d4a6b6e3"
    },
    "@std/assert@1.0.17": {
      "integrity": "df5ebfffe77c03b3fa1401e11c762cc8f603d51021c56c4d15a8c7ab45e90dbe",
      "dependencies": [
        "jsr:@std/internal"
      ]
    },
    "@std/cli@1.0.26": {
      "integrity": "53679a2b041406f15c3ff193986852595f3d11ba7b9d4b0c71a42589662e8fb5",
      "dependencies": [
        "jsr:@std/internal"
      ]
    },
    "@std/fs@1.0.22": {
      "integrity": "de0f277a58a867147a8a01bc1b181d0dfa80bfddba8c9cf2bacd6747bcec9308",
      "dependencies": [
        "jsr:@std/internal",
        "jsr:@std/path"
      ]
    },
    "@std/internal@1.0.12": {
      "integrity": "972a634fd5bc34b242024402972cd5143eac68d8dffaca5eaa4dba30ce17b027"
    },
    "@std/path@1.1.4": {
      "integrity": "1d2d43f39efb1b42f0b1882a25486647cb851481862dc7313390b2bb044314b5",
      "dependencies": [
        "jsr:@std/internal"
      ]
    },
    "@std/yaml@1.0.11": {
      "integrity": "bd139ce77f2d06cbed3713c8b26d301d2a2e12ecc7986130a268107e212143ee"
    }
  },
  "npm": {
    "@babel/runtime@7.28.4": {
      "integrity": "sha512-Q/N6JNWvIvPnLDvjlE1OUBLPQHH6l3CltCEsHIujp45zQUSSh8K+gHnaEX45yAT1nyngnINhvWtzN+Nb9D8RAQ=="
    },
    "@resvg/resvg-wasm@2.6.2": {
      "integrity": "sha512-FqALmHI8D4o6lk/LRWDnhw95z5eO+eAa6ORjVg09YRR7BkcM6oPHU9uyC0gtQG5vpFLvgpeU4+zEAz2H8APHNw=="
    },
    "@shuding/opentype.js@1.4.0-beta.0": {
      "integrity": "sha512-3NgmNyH3l/Hv6EvsWJbsvpcpUba6R8IREQ83nH83cyakCw7uM1arZKNfHwv1Wz6jgqrF/j4x5ELvR6PnK9nTcA==",
      "dependencies": [
        "fflate",
        "string.prototype.codepointat"
      ],
      "bin": true
    },
    "@types/linkify-it@5.0.0": {
      "integrity": "sha512-sVDA58zAw4eWAffKOaQH5/5j3XeayukzDk+ewSsnv3p4yJEZHCCzMDiZM8e0OUrRvmpGZ85jf4yDHkHsgBNr9Q=="
    },
    "@types/markdown-it@14.1.2": {
      "integrity": "sha512-promo4eFwuiW+TfGxhi+0x3czqTYJkG8qB17ZUJiVF10Xm7NLVRSLUsfRTU/6h1e24VvRnXCx+hG7li58lkzog==",
      "dependencies": [
        "@types/linkify-it",
        "@types/mdurl"
      ]
    },
    "@types/mdurl@2.0.0": {
      "integrity": "sha512-RGdgjQUZba5p6QEFAVx2OGb8rQDL/cPRG7GiedRzMcJ1tYnUANBncjbSB1NRGwbvjcPeikRABz2nshyPk1bhWg=="
    },
    "argparse@2.0.1": {
      "integrity": "sha512-8+9WqebbFzpX9OR+Wa6O29asIogeRMzcGtAINdpMHHyAg10f05aSFVBbcEqGf/PXw1EjAZ+q2/bEBg3DvurK3Q=="
    },
    "async@2.6.4": {
      "integrity": "sha512-mzo5dfJYwAn29PeiJ0zvwTo04zj8HDJj0Mn8TD7sno7q12prdbnasKJHhkm2c1LgrhlJ0teaea8860oxi51mGA==",
      "dependencies": [
        "lodash"
      ]
    },
    "base64-js@0.0.8": {
      "integrity": "sha512-3XSA2cR/h/73EzlXXdU6YNycmYI7+kicTxks4eJg2g39biHR84slg2+des+p7iHYhbRg/udIS4TD53WabcOUkw=="
    },
    "camelize@1.0.1": {
      "integrity": "sha512-dU+Tx2fsypxTgtLoE36npi3UqcjSSMNYfkqgmoEhtZrraP5VWq0K7FkWVTYa8eMPtnU/G2txVsfdCJTn9uzpuQ=="
    },
    "color-name@1.1.4": {
      "integrity": "sha512-dOy+3AuW3a2wNbZHIuMZpTcgjGuLU/uBL/ubcZF9OXbDo8ff4O8yVp5Bf0efS8uEoYo5q4Fx7dY9OgQGXgAsQA=="
    },
    "commander@1.1.1": {
      "integrity": "sha512-71Rod2AhcH3JhkBikVpNd0pA+fWsmAaVoti6OR38T76chA7vE3pSerS0Jor4wDw+tOueD2zLVvFOw5H0Rcj7rA==",
      "dependencies": [
        "keypress"
      ]
    },
    "css-background-parser@0.1.0": {
      "integrity": "sha512-2EZLisiZQ+7m4wwur/qiYJRniHX4K5Tc9w93MT3AS0WS1u5kaZ4FKXlOTBhOjc+CgEgPiGY+fX1yWD8UwpEqUA=="
    },
    "css-box-shadow@1.0.0-3": {
      "integrity": "sha512-9jaqR6e7Ohds+aWwmhe6wILJ99xYQbfmK9QQB9CcMjDbTxPZjwEmUQpU91OG05Xgm8BahT5fW+svbsQGjS/zPg=="
    },
    "css-color-keywords@1.0.0": {
      "integrity": "sha512-FyyrDHZKEjXDpNJYvVsV960FiqQyXc/LlYmsxl2BcdMb2WPx0OGRVgTg55rPSyLSNMqP52R9r8geSp7apN3Ofg=="
    },
    "css-gradient-parser@0.0.17": {
      "integrity": "sha512-w2Xy9UMMwlKtou0vlRnXvWglPAceXCTtcmVSo8ZBUvqCV5aXEFP/PC6d+I464810I9FT++UACwTD5511bmGPUg=="
    },
    "css-to-react-native@3.2.0": {
      "integrity": "sha512-e8RKaLXMOFii+02mOlqwjbD00KSEKqblnpO9e++1aXS1fPQOpS1YoqdVHBqPjHNoxeF2mimzVqawm2KCbEdtHQ==",
      "dependencies": [
        "camelize",
        "css-color-keywords",
        "postcss-value-parser"
      ]
    },
    "doublearray@0.0.2": {
      "integrity": "sha512-aw55FtZzT6AmiamEj2kvmR6BuFqvYgKZUkfQ7teqVRNqD5UE0rw8IeW/3gieHNKQ5sPuDKlljWEn4bzv5+1bHw=="
    },
    "emoji-regex-xs@2.0.1": {
      "integrity": "sha512-1QFuh8l7LqUcKe24LsPUNzjrzJQ7pgRwp1QMcZ5MX6mFplk2zQ08NVCM84++1cveaUUYtcCYHmeFEuNg16sU4g=="
    },
    "entities@4.5.0": {
      "integrity": "sha512-V0hjH4dGPh9Ao5p0MoRY6BVqtwCjhz6vI5LT8AJ55H+4g9/4vbHx1I54fS0XuclLhDHArPQCiMjDxjaL8fPxhw=="
    },
    "es-hangul@2.3.8": {
      "integrity": "sha512-VrJuqYBC7W04aKYjCnswomuJNXQRc0q33SG1IltVrRofi2YEE6FwVDPlsEJIdKbHwsOpbBL/mk9sUaBxVpbd+w=="
    },
    "escape-html@1.0.3": {
      "integrity": "sha512-NiSupZ4OeuGwr68lGIeym/ksIZMJodUGOSCZ/FSnTxcrekbvqrgdUxlJOMpijaKZVjAJrWrGs/6Jy8OMuyj9ow=="
    },
    "fflate@0.7.4": {
      "integrity": "sha512-5u2V/CDW15QM1XbbgS+0DfPxVB+jUKhWEKuuFuHncbk3tEEqzmoXL+2KyOFuKGqOnmdIy0/davWF1CkuwtibCw=="
    },
    "hanja@1.1.5": {
      "integrity": "sha512-gKNEkX+IIBmxXUIm5Lf859YlvHnGD01kbiHL+7CoV1ZxGI+EttflD1k/Ntz8zbymMVIlVELunTk8pK5SNYOVlg=="
    },
    "hex-rgb@4.3.0": {
      "integrity": "sha512-Ox1pJVrDCyGHMG9CFg1tmrRUMRPRsAWYc/PinY0XzJU4K7y7vjNoLKIQ7BR5UJMCxNN8EM1MNDmHWA/B3aZUuw=="
    },
    "kakasi@1.0.0": {
      "integrity": "sha512-i9T9X0bLS0WtPko59TxOaiwBVjyC4L2dX1biUG3ChtrVnqjVvk2Kw3HKFd1NV1i9Ad+nxy//kALrOcPKZeLtXA=="
    },
    "keypress@0.1.0": {
      "integrity": "sha512-x0yf9PL/nx9Nw9oLL8ZVErFAk85/lslwEP7Vz7s5SI1ODXZIgit3C5qyWjw4DxOuO/3Hb4866SQh28a1V1d+WA=="
    },
    "kuromoji@0.1.2": {
      "integrity": "sha512-V0dUf+C2LpcPEXhoHLMAop/bOht16Dyr+mDiIE39yX3vqau7p80De/koFqpiTcL1zzdZlc3xuHZ8u5gjYRfFaQ==",
      "dependencies": [
        "async",
        "doublearray",
        "zlibjs"
      ]
    },
    "kuroshiro-analyzer-kuromoji@1.1.0": {
      "integrity": "sha512-BSJFhpsQdPwfFLfjKxfLA9iL+/PC6LCR9vgwgb5Jc7jZwk9ilX8SAV6CwhAQZY611tiuhbB52ONYKDO8hgY1bA==",
      "dependencies": [
        "kuromoji"
      ]
    },
    "kuroshiro@1.2.0": {
      "integrity": "sha512-yBGCK9oDOY3LGZ/KXaN9m7ADcAuSczOR2FoMRYwHLUlis3/o/uxdMVROAjENFO0NQJgALhIdWxI/vIBVrMCk9w==",
      "dependencies": [
        "@babel/runtime"
      ]
    },
    "linebreak@1.1.0": {
      "integrity": "sha512-MHp03UImeVhB7XZtjd0E4n6+3xr5Dq/9xI/5FptGk5FrbDR3zagPa2DS6U8ks/3HjbKWG9Q1M2ufOzxV2qLYSQ==",
      "dependencies": [
        "base64-js",
        "unicode-trie"
      ]
    },
    "linkify-it@5.0.0": {
      "integrity": "sha512-5aHCbzQRADcdP+ATqnDuhhJ/MRIqDkZX5pyjFHRRysS8vZ5AbqGEoFIb6pYHPZ+L/OC2Lc+xT8uHVVR5CAK/wQ==",
      "dependencies": [
        "uc.micro"
      ]
    },
    "lodash@4.17.21": {
      "integrity": "sha512-v2kDEe57lecTulaDIuNTPy3Ry4gLGJ6Z1O3vE1krgXZNrsQ+LFTGHVxVjcXPs17LhbZVGedAJv8XZ1tvj5FvSg=="
    },
    "markdown-it-abbr@2.0.0": {
      "integrity": "sha512-of7C8pXSjXjDojW4neNP+jD7inUYH/DO0Ca+K/4FUEccg0oHAEX/nfscw0jfz66PJbYWOAT9U8mjO21X5p6aAw=="
    },
    "markdown-it-anchor@9.2.0_@types+markdown-it@14.1.2_markdown-it@14.1.0": {
      "integrity": "sha512-sa2ErMQ6kKOA4l31gLGYliFQrMKkqSO0ZJgGhDHKijPf0pNFM9vghjAh3gn26pS4JDRs7Iwa9S36gxm3vgZTzg==",
      "dependencies": [
        "@types/markdown-it",
        "markdown-it"
      ]
    },
    "markdown-it-deflist@3.0.0": {
      "integrity": "sha512-OxPmQ/keJZwbubjiQWOvKLHwpV2wZ5I3Smc81OjhwbfJsjdRrvD5aLTQxmZzzePeO0kbGzAo3Krk4QLgA8PWLg=="
    },
    "markdown-it-footnote@4.0.0": {
      "integrity": "sha512-WYJ7urf+khJYl3DqofQpYfEYkZKbmXmwxQV8c8mO/hGIhgZ1wOe7R4HLFNwqx7TjILbnC98fuyeSsin19JdFcQ=="
    },
    "markdown-it-toc-done-right@4.2.0": {
      "integrity": "sha512-UB/IbzjWazwTlNAX0pvWNlJS8NKsOQ4syrXZQ/C72j+jirrsjVRT627lCaylrKJFBQWfRsPmIVQie8x38DEhAQ=="
    },
    "markdown-it@14.1.0": {
      "integrity": "sha512-a54IwgWPaeBCAAsv13YgmALOF1elABB08FxO9i+r4VFk5Vl4pKokRPeX8u5TCgSsPi6ec1otfLjdOpVcgbpshg==",
      "dependencies": [
        "argparse",
        "entities",
        "linkify-it",
        "mdurl",
        "punycode.js",
        "uc.micro"
      ],
      "bin": true
    },
    "mdurl@2.0.0": {
      "integrity": "sha512-Lf+9+2r+Tdp5wXDXC4PcIBjTDtq4UKjCPMQhKIuzpJNW0b96kVqSwW0bT7FhRSfmAiFYgP+SCRvdrDozfh0U5w=="
    },
    "opencc-js@1.0.5": {
      "integrity": "sha512-LD+1SoNnZdlRwtYTjnQdFrSVCAaYpuDqL5CkmOaHOkKoKh7mFxUicLTRVNLU5C+Jmi1vXQ3QL4jWdgSaa4sKjg=="
    },
    "pako@0.2.9": {
      "integrity": "sha512-NUcwaKxUxWrZLpDG+z/xZaCgQITkA/Dv4V/T6bw7VON6l1Xz/VnrBqrYjZQ12TamKHzITTfOEIYUj48y2KXImA=="
    },
    "parse-css-color@0.2.1": {
      "integrity": "sha512-bwS/GGIFV3b6KS4uwpzCFj4w297Yl3uqnSgIPsoQkx7GMLROXfMnWvxfNkL0oh8HVhZA4hvJoEoEIqonfJ3BWg==",
      "dependencies": [
        "color-name",
        "hex-rgb"
      ]
    },
    "pinyin@4.0.0": {
      "integrity": "sha512-vHpV5K+vpp6XUUpZNGRDuHoN+1xcmieM3EWlH4QjSX2kkpG/gVOwpqwV9EOJ9x9c9UERFKeLml5XVSukE/PLgQ==",
      "dependencies": [
        "commander"
      ],
      "bin": true
    },
    "postcss-value-parser@4.2.0": {
      "integrity": "sha512-1NNCs6uurfkVbeXG4S8JFT9t19m45ICnif8zWLd5oPSZ50QnwMfK+H3jv408d4jw/7Bttv5axS5IiHoLaVNHeQ=="
    },
    "punycode.js@2.3.1": {
      "integrity": "sha512-uxFIHU0YlHYhDQtV4R9J6a52SLx28BCjT+4ieh7IGbgwVJWO+km431c4yRlREUAsAmt/uMjQUyQHNEPf0M39CA=="
    },
    "satori@0.19.1": {
      "integrity": "sha512-/XaT/JiWLfNlgjlQdde4wXB1/6F+FEze9c3OW2QIH0ywsfOrY57YOetgESWyOFHW3JfEQ6dJAo2U9Xwb7+DDAw==",
      "dependencies": [
        "@shuding/opentype.js",
        "css-background-parser",
        "css-box-shadow",
        "css-gradient-parser",
        "css-to-react-native",
        "emoji-regex-xs",
        "escape-html",
        "linebreak",
        "parse-css-color",
        "postcss-value-parser",
        "yoga-layout"
      ]
    },
    "string.prototype.codepointat@0.2.1": {
      "integrity": "sha512-2cBVCj6I4IOvEnjgO/hWqXjqBGsY+zwPmHl12Srk9IXSZ56Jwwmy+66XO5Iut/oQVR7t5ihYdLB0GMa4alEUcg=="
    },
    "tiny-inflate@1.0.3": {
      "integrity": "sha512-pkY1fj1cKHb2seWDy0B16HeWyczlJA9/WW3u3c4z/NiWDsO3DOU5D7nhTLE9CF0yXv/QZFY7sEJmj24dK+Rrqw=="
    },
    "to-jyutping@3.1.1": {
      "integrity": "sha512-8dqSOTbYC5pBs1DQtC9olmFLhf/pzKqxMfQLRUYu1BXXtWgqyS8dSFy9mHuF0cHjgjtX86pCBvGIvKzzlVM6lw=="
    },
    "uc.micro@2.1.0": {
      "integrity": "sha512-ARDJmphmdvUk6Glw7y9DQ2bFkKBHwQHLi2lsaH6PPmz/Ka9sFOBsBluozhDltWmnv9u/cF6Rt87znRTPV+yp/A=="
    },
    "unicode-trie@2.0.0": {
      "integrity": "sha512-x7bc76x0bm4prf1VLg79uhAzKw8DVboClSN5VxJuQ+LKDOVEW9CdH+VY7SP+vX7xCYQqzzgQpFqz15zeLvAtZQ==",
      "dependencies": [
        "pako",
        "tiny-inflate"
      ]
    },
    "yoga-layout@3.2.1": {
      "integrity": "sha512-0LPOt3AxKqMdFBZA3HBAt/t/8vIKq7VaQYbuA8WxCgung+p9TVyKRYdpvCb80HcdTN2NkbIKbhNwKUfm3tQywQ=="
    },
    "zlibjs@0.3.1": {
      "integrity": "sha512-+J9RrgTKOmlxFSDHo0pI1xM6BLVUv+o0ZT9ANtCxGkjIVCCUdx9alUF8Gm+dGLKbkkkidWIHFDZHDMpfITt4+w=="
    }
  },
  "workspace": {
    "dependencies": [
      "jsr:@austinshelby/pinyin-to-bopomofo@^1.0.1",
      "jsr:@std/assert@^1.0.17",
      "jsr:@std/cli@^1.0.26",
      "jsr:@std/fs@^1.0.22",
      "jsr:@std/path@^1.1.4",
      "jsr:@std/yaml@^1.0.11",
      "npm:@resvg/resvg-wasm@^2.6.2",
      "npm:es-hangul@^2.3.8",
      "npm:hanja@^1.1.5",
      "npm:kakasi@1",
      "npm:kuroshiro-analyzer-kuromoji@^1.1.0",
      "npm:kuroshiro@^1.2.0",
      "npm:markdown-it-abbr@2",
      "npm:markdown-it-anchor@^9.2.0",
      "npm:markdown-it-deflist@3",
      "npm:markdown-it-footnote@4",
      "npm:markdown-it-toc-done-right@^4.2.0",
      "npm:markdown-it@^14.1.0",
      "npm:opencc-js@^1.0.5",
      "npm:pinyin@4",
      "npm:satori@~0.19.1",
      "npm:to-jyutping@^3.1.1"
    ]
  }
}
